
Microsoft Visual Studio Solution File, Format Version 12.00
# Visual Studio Version 16
VisualStudioVersion = 16.0.31019.35
MinimumVisualStudioVersion = 10.0.40219.1
Project("{9A19103F-16F7-4668-BE54-9A1E7A4F7556}") = "CardsGameAPI", "CardsGame\CardsGameAPI.csproj", "{F42436FB-9563-4928-8D2A-ABF1BA9329DF}"
EndProject
Project("{2150E333-8FDC-42A3-9474-1A3956D46DE8}") = "Data", "Data", "{7F9E535D-E8B9-47CB-9B94-41A05D138F0F}"
EndProject
Project("{9A19103F-16F7-4668-BE54-9A1E7A4F7556}") = "CardsGameAPI.Data", "CardsGameAPI.Data\CardsGameAPI.Data.csproj", "{5A98FF0A-A407-4579-B7C1-B09F76338A6F}"
EndProject
Project("{9A19103F-16F7-4668-BE54-9A1E7A4F7556}") = "CardsGameAPI.Repository", "CardsGameAPI.Repository\CardsGameAPI.Repository.csproj", "{0D3B4FDE-44E6-4E6F-B452-4598BA3588F6}"
EndProject
Project("{9A19103F-16F7-4668-BE54-9A1E7A4F7556}") = "CardsGameAPI.Repository.Interface", "CardsGameAPI.Repository.Interface\CardsGameAPI.Repository.Interface.csproj", "{0772B5FD-898D-4128-B397-791E1F6113CD}"
EndProject
Project("{2150E333-8FDC-42A3-9474-1A3956D46DE8}") = "Tests", "Tests", "{1F3ED2DE-B2AD-414E-8901-93D96105605A}"
EndProject
Project("{FAE04EC0-301F-11D3-BF4B-00C04F79EFBC}") = "CardsGame.Tests", "CardsGame.Tests\CardsGame.Tests.csproj", "{67045928-2DDB-4B38-A406-53BD9C47D1B6}"
EndProject
Global
	GlobalSection(SolutionConfigurationPlatforms) = preSolution
		Debug|Any CPU = Debug|Any CPU
		Release|Any CPU = Release|Any CPU
	EndGlobalSection
	GlobalSection(ProjectConfigurationPlatforms) = postSolution
		{F42436FB-9563-4928-8D2A-ABF1BA9329DF}.Debug|Any CPU.ActiveCfg = Debug|Any CPU
		{F42436FB-9563-4928-8D2A-ABF1BA9329DF}.Debug|Any CPU.Build.0 = Debug|Any CPU
		{F42436FB-9563-4928-8D2A-ABF1BA9329DF}.Release|Any CPU.ActiveCfg = Release|Any CPU
		{F42436FB-9563-4928-8D2A-ABF1BA9329DF}.Release|Any CPU.Build.0 = Release|Any CPU
		{5A98FF0A-A407-4579-B7C1-B09F76338A6F}.Debug|Any CPU.ActiveCfg = Debug|Any CPU
		{5A98FF0A-A407-4579-B7C1-B09F76338A6F}.Debug|Any CPU.Build.0 = Debug|Any CPU
		{5A98FF0A-A407-4579-B7C1-B09F76338A6F}.Release|Any CPU.ActiveCfg = Release|Any CPU
		{5A98FF0A-A407-4579-B7C1-B09F76338A6F}.Release|Any CPU.Build.0 = Release|Any CPU
		{0D3B4FDE-44E6-4E6F-B452-4598BA3588F6}.Debug|Any CPU.ActiveCfg = Debug|Any CPU
		{0D3B4FDE-44E6-4E6F-B452-4598BA3588F6}.Debug|Any CPU.Build.0 = Debug|Any CPU
		{0D3B4FDE-44E6-4E6F-B452-4598BA3588F6}.Release|Any CPU.ActiveCfg = Release|Any CPU
		{0D3B4FDE-44E6-4E6F-B452-4598BA3588F6}.Release|Any CPU.Build.0 = Release|Any CPU
		{0772B5FD-898D-4128-B397-791E1F6113CD}.Debug|Any CPU.ActiveCfg = Debug|Any CPU
		{0772B5FD-898D-4128-B397-791E1F6113CD}.Debug|Any CPU.Build.0 = Debug|Any CPU
		{0772B5FD-898D-4128-B397-791E1F6113CD}.Release|Any CPU.ActiveCfg = Release|Any CPU
		{0772B5FD-898D-4128-B397-791E1F6113CD}.Release|Any CPU.Build.0 = Release|Any CPU
		{67045928-2DDB-4B38-A406-53BD9C47D1B6}.Debug|Any CPU.ActiveCfg = Debug|Any CPU
		{67045928-2DDB-4B38-A406-53BD9C47D1B6}.Debug|Any CPU.Build.0 = Debug|Any CPU
		{67045928-2DDB-4B38-A406-53BD9C47D1B6}.Release|Any CPU.ActiveCfg = Release|Any CPU
		{67045928-2DDB-4B38-A406-53BD9C47D1B6}.Release|Any CPU.Build.0 = Release|Any CPU
	EndGlobalSection
	GlobalSection(SolutionProperties) = preSolution
		HideSolutionNode = FALSE
	EndGlobalSection
	GlobalSection(NestedProjects) = preSolution
		{5A98FF0A-A407-4579-B7C1-B09F76338A6F} = {7F9E535D-E8B9-47CB-9B94-41A05D138F0F}
		{0D3B4FDE-44E6-4E6F-B452-4598BA3588F6} = {7F9E535D-E8B9-47CB-9B94-41A05D138F0F}
		{0772B5FD-898D-4128-B397-791E1F6113CD} = {7F9E535D-E8B9-47CB-9B94-41A05D138F0F}
		{67045928-2DDB-4B38-A406-53BD9C47D1B6} = {1F3ED2DE-B2AD-414E-8901-93D96105605A}
	EndGlobalSection
	GlobalSection(ExtensibilityGlobals) = postSolution
		SolutionGuid = {D1F0D4C7-F1A3-42EE-B939-EE7DCA1DA2C9}
	EndGlobalSection
EndGlobal
